// !$*UTF8*$!
{
	archiveVersion = 1;
	classes = {
	};
	objectVersion = 48;
	objects = {

/* Begin PBXBuildFile section */
		4C2FAC10203AE0CA00ED1306 /* Plane.swift in Sources */ = {isa = PBXBuildFile; fileRef = 4C2FAC0F203AE0CA00ED1306 /* Plane.swift */; };
		4CAFA921202F5AE500A03722 /* AppDelegate.swift in Sources */ = {isa = PBXBuildFile; fileRef = 4CAFA920202F5AE500A03722 /* AppDelegate.swift */; };
		4CAFA923202F5AE500A03722 /* art.scnassets in Resources */ = {isa = PBXBuildFile; fileRef = 4CAFA922202F5AE500A03722 /* art.scnassets */; };
		4CAFA925202F5AE500A03722 /* ViewController.swift in Sources */ = {isa = PBXBuildFile; fileRef = 4CAFA924202F5AE500A03722 /* ViewController.swift */; };
		4CAFA928202F5AE500A03722 /* Main.storyboard in Resources */ = {isa = PBXBuildFile; fileRef = 4CAFA926202F5AE500A03722 /* Main.storyboard */; };
		4CAFA92A202F5AE500A03722 /* Assets.xcassets in Resources */ = {isa = PBXBuildFile; fileRef = 4CAFA929202F5AE500A03722 /* Assets.xcassets */; };
		4CAFA92D202F5AE500A03722 /* LaunchScreen.storyboard in Resources */ = {isa = PBXBuildFile; fileRef = 4CAFA92B202F5AE500A03722 /* LaunchScreen.storyboard */; };
		4CAFA938202F5AE600A03722 /* artestUITests.swift in Sources */ = {isa = PBXBuildFile; fileRef = 4CAFA937202F5AE600A03722 /* artestUITests.swift */; };
/* End PBXBuildFile section */

/* Begin PBXContainerItemProxy section */
		4CAFA934202F5AE600A03722 /* PBXContainerItemProxy */ = {
			isa = PBXContainerItemProxy;
			containerPortal = 4CAFA915202F5AE500A03722 /* Project object */;
			proxyType = 1;
			remoteGlobalIDString = 4CAFA91C202F5AE500A03722;
			remoteInfo = artest;
		};
/* End PBXContainerItemProxy section */

/* Begin PBXFileReference section */
		4C2FAC0F203AE0CA00ED1306 /* Plane.swift */ = {isa = PBXFileReference; lastKnownFileType = sourcecode.swift; path = Plane.swift; sourceTree = "<group>"; };
		4CAFA91D202F5AE500A03722 /* artest.app */ = {isa = PBXFileReference; explicitFileType = wrapper.application; includeInIndex = 0; path = artest.app; sourceTree = BUILT_PRODUCTS_DIR; };
		4CAFA920202F5AE500A03722 /* AppDelegate.swift */ = {isa = PBXFileReference; lastKnownFileType = sourcecode.swift; path = AppDelegate.swift; sourceTree = "<group>"; };
		4CAFA922202F5AE500A03722 /* art.scnassets */ = {isa = PBXFileReference; lastKnownFileType = wrapper.scnassets; path = art.scnassets; sourceTree = "<group>"; };
		4CAFA924202F5AE500A03722 /* ViewController.swift */ = {isa = PBXFileReference; lastKnownFileType = sourcecode.swift; path = ViewController.swift; sourceTree = "<group>"; };
		4CAFA927202F5AE500A03722 /* Base */ = {isa = PBXFileReference; lastKnownFileType = file.storyboard; name = Base; path = Base.lproj/Main.storyboard; sourceTree = "<group>"; };
		4CAFA929202F5AE500A03722 /* Assets.xcassets */ = {isa = PBXFileReference; lastKnownFileType = folder.assetcatalog; path = Assets.xcassets; sourceTree = "<group>"; };
		4CAFA92C202F5AE500A03722 /* Base */ = {isa = PBXFileReference; lastKnownFileType = file.storyboard; name = Base; path = Base.lproj/LaunchScreen.storyboard; sourceTree = "<group>"; };
		4CAFA92E202F5AE500A03722 /* Info.plist */ = {isa = PBXFileReference; lastKnownFileType = text.plist.xml; path = Info.plist; sourceTree = "<group>"; };
		4CAFA933202F5AE600A03722 /* artestUITests.xctest */ = {isa = PBXFileReference; explicitFileType = wrapper.cfbundle; includeInIndex = 0; path = artestUITests.xctest; sourceTree = BUILT_PRODUCTS_DIR; };
		4CAFA937202F5AE600A03722 /* artestUITests.swift */ = {isa = PBXFileReference; lastKnownFileType = sourcecode.swift; path = artestUITests.swift; sourceTree = "<group>"; };
		4CAFA939202F5AE600A03722 /* Info.plist */ = {isa = PBXFileReference; lastKnownFileType = text.plist.xml; path = Info.plist; sourceTree = "<group>"; };
/* End PBXFileReference section */

/* Begin PBXFrameworksBuildPhase section */
		4CAFA91A202F5AE500A03722 /* Frameworks */ = {
			isa = PBXFrameworksBuildPhase;
			buildActionMask = 2147483647;
			files = (
			);
			runOnlyForDeploymentPostprocessing = 0;
		};
		4CAFA930202F5AE600A03722 /* Frameworks */ = {
			isa = PBXFrameworksBuildPhase;
			buildActionMask = 2147483647;
			files = (
			);
			runOnlyForDeploymentPostprocessing = 0;
		};
/* End PBXFrameworksBuildPhase section */

/* Begin PBXGroup section */
		4CAFA914202F5AE500A03722 = {
			isa = PBXGroup;
			children = (
				4CAFA91F202F5AE500A03722 /* artest */,
				4CAFA936202F5AE600A03722 /* artestUITests */,
				4CAFA91E202F5AE500A03722 /* Products */,
			);
			sourceTree = "<group>";
		};
		4CAFA91E202F5AE500A03722 /* Products */ = {
			isa = PBXGroup;
			children = (
				4CAFA91D202F5AE500A03722 /* artest.app */,
				4CAFA933202F5AE600A03722 /* artestUITests.xctest */,
			);
			name = Products;
			sourceTree = "<group>";
		};
		4CAFA91F202F5AE500A03722 /* artest */ = {
			isa = PBXGroup;
			children = (
				4CAFA920202F5AE500A03722 /* AppDelegate.swift */,
				4CAFA922202F5AE500A03722 /* art.scnassets */,
				4CAFA924202F5AE500A03722 /* ViewController.swift */,
				4C2FAC0F203AE0CA00ED1306 /* Plane.swift */,
				4CAFA926202F5AE500A03722 /* Main.storyboard */,
				4CAFA929202F5AE500A03722 /* Assets.xcassets */,
				4CAFA92B202F5AE500A03722 /* LaunchScreen.storyboard */,
				4CAFA92E202F5AE500A03722 /* Info.plist */,
			);
			path = artest;
			sourceTree = "<group>";
		};
		4CAFA936202F5AE600A03722 /* artestUITests */ = {
			isa = PBXGroup;
			children = (
				4CAFA937202F5AE600A03722 /* artestUITests.swift */,
				4CAFA939202F5AE600A03722 /* Info.plist */,
			);
			path = artestUITests;
			sourceTree = "<group>";
		};
/* End PBXGroup section */

/* Begin PBXNativeTarget section */
		4CAFA91C202F5AE500A03722 /* artest */ = {
			isa = PBXNativeTarget;
			buildConfigurationList = 4CAFA93C202F5AE600A03722 /* Build configuration list for PBXNativeTarget "artest" */;
			buildPhases = (
				4CAFA919202F5AE500A03722 /* Sources */,
				4CAFA91A202F5AE500A03722 /* Frameworks */,
				4CAFA91B202F5AE500A03722 /* Resources */,
			);
			buildRules = (
			);
			dependencies = (
			);
			name = artest;
			productName = artest;
			productReference = 4CAFA91D202F5AE500A03722 /* artest.app */;
			productType = "com.apple.product-type.application";
		};
		4CAFA932202F5AE600A03722 /* artestUITests */ = {
			isa = PBXNativeTarget;
			buildConfigurationList = 4CAFA93F202F5AE600A03722 /* Build configuration list for PBXNativeTarget "artestUITests" */;
			buildPhases = (
				4CAFA92F202F5AE600A03722 /* Sources */,
				4CAFA930202F5AE600A03722 /* Frameworks */,
				4CAFA931202F5AE600A03722 /* Resources */,
			);
			buildRules = (
			);
			dependencies = (
				4CAFA935202F5AE600A03722 /* PBXTargetDependency */,
			);
			name = artestUITests;
			productName = artestUITests;
			productReference = 4CAFA933202F5AE600A03722 /* artestUITests.xctest */;
			productType = "com.apple.product-type.bundle.ui-testing";
		};
/* End PBXNativeTarget section */

/* Begin PBXProject section */
		4CAFA915202F5AE500A03722 /* Project object */ = {
			isa = PBXProject;
			attributes = {
				LastSwiftUpdateCheck = 0920;
				LastUpgradeCheck = 0920;
				ORGANIZATIONNAME = "Ivan Pavlovic";
				TargetAttributes = {
					4CAFA91C202F5AE500A03722 = {
						CreatedOnToolsVersion = 9.2;
						ProvisioningStyle = Automatic;
					};
					4CAFA932202F5AE600A03722 = {
						CreatedOnToolsVersion = 9.2;
						ProvisioningStyle = Automatic;
						TestTargetID = 4CAFA91C202F5AE500A03722;
					};
				};
			};
			buildConfigurationList = 4CAFA918202F5AE500A03722 /* Build configuration list for PBXProject "artest" */;
			compatibilityVersion = "Xcode 8.0";
			developmentRegion = en;
			hasScannedForEncodings = 0;
			knownRegions = (
				en,
				Base,
			);
			mainGroup = 4CAFA914202F5AE500A03722;
			productRefGroup = 4CAFA91E202F5AE500A03722 /* Products */;
			projectDirPath = "";
			projectRoot = "";
			targets = (
				4CAFA91C202F5AE500A03722 /* artest */,
				4CAFA932202F5AE600A03722 /* artestUITests */,
			);
		};
/* End PBXProject section */

/* Begin PBXResourcesBuildPhase section */
		4CAFA91B202F5AE500A03722 /* Resources */ = {
			isa = PBXResourcesBuildPhase;
			buildActionMask = 2147483647;
			files = (
				4CAFA923202F5AE500A03722 /* art.scnassets in Resources */,
				4CAFA92D202F5AE500A03722 /* LaunchScreen.storyboard in Resources */,
				4CAFA92A202F5AE500A03722 /* Assets.xcassets in Resources */,
				4CAFA928202F5AE500A03722 /* Main.storyboard in Resources */,
			);
			runOnlyForDeploymentPostprocessing = 0;
		};
		4CAFA931202F5AE600A03722 /* Resources */ = {
			isa = PBXResourcesBuildPhase;
			buildActionMask = 2147483647;
			files = (
			);
			runOnlyForDeploymentPostprocessing = 0;
		};
/* End PBXResourcesBuildPhase section */

/* Begin PBXSourcesBuildPhase section */
		4CAFA919202F5AE500A03722 /* Sources */ = {
			isa = PBXSourcesBuildPhase;
			buildActionMask = 2147483647;
			files = (
				4CAFA925202F5AE500A03722 /* ViewController.swift in Sources */,
				4C2FAC10203AE0CA00ED1306 /* Plane.swift in Sources */,
				4CAFA921202F5AE500A03722 /* AppDelegate.swift in Sources */,
			);
			runOnlyForDeploymentPostprocessing = 0;
		};
		4CAFA92F202F5AE600A03722 /* Sources */ = {
			isa = PBXSourcesBuildPhase;
			buildActionMask = 2147483647;
			files = (
				4CAFA938202F5AE600A03722 /* artestUITests.swift in Sources */,
			);
			runOnlyForDeploymentPostprocessing = 0;
		};
/* End PBXSourcesBuildPhase section */

/* Begin PBXTargetDependency section */
		4CAFA935202F5AE600A03722 /* PBXTargetDependency */ = {
			isa = PBXTargetDependency;
			target = 4CAFA91C202F5AE500A03722 /* artest */;
			targetProxy = 4CAFA934202F5AE600A03722 /* PBXContainerItemProxy */;
		};
/* End PBXTargetDependency section */

/* Begin PBXVariantGroup section */
		4CAFA926202F5AE500A03722 /* Main.storyboard */ = {
			isa = PBXVariantGroup;
			children = (
				4CAFA927202F5AE500A03722 /* Base */,
			);
			name = Main.storyboard;
			sourceTree = "<group>";
		};
		4CAFA92B202F5AE500A03722 /* LaunchScreen.storyboard */ = {
			isa = PBXVariantGroup;
			children = (
				4CAFA92C202F5AE500A03722 /* Base */,
			);
			name = LaunchScreen.storyboard;
			sourceTree = "<group>";
		};
/* End PBXVariantGroup section */

/* Begin XCBuildConfiguration section */
		4CAFA93A202F5AE600A03722 /* Debug */ = {
			isa = XCBuildConfiguration;
			buildSettings = {
				ALWAYS_SEARCH_USER_PATHS = NO;
				CLANG_ANALYZER_NONNULL = YES;
				CLANG_ANALYZER_NUMBER_OBJECT_CONVERSION = YES_AGGRESSIVE;
				CLANG_CXX_LANGUAGE_STANDARD = "gnu++14";
				CLANG_CXX_LIBRARY = "libc++";
				CLANG_ENABLE_MODULES = YES;
				CLANG_ENABLE_OBJC_ARC = YES;
				CLANG_WARN_BLOCK_CAPTURE_AUTORELEASING = YES;
				CLANG_WARN_BOOL_CONVERSION = YES;
				CLANG_WARN_COMMA = YES;
				CLANG_WARN_CONSTANT_CONVERSION = YES;
				CLANG_WARN_DIRECT_OBJC_ISA_USAGE = YES_ERROR;
				CLANG_WARN_DOCUMENTATION_COMMENTS = YES;
				CLANG_WARN_EMPTY_BODY = YES;
				CLANG_WARN_ENUM_CONVERSION = YES;
				CLANG_WARN_INFINITE_RECURSION = YES;
				CLANG_WARN_INT_CONVERSION = YES;
				CLANG_WARN_NON_LITERAL_NULL_CONVERSION = YES;
				CLANG_WARN_OBJC_LITERAL_CONVERSION = YES;
				CLANG_WARN_OBJC_ROOT_CLASS = YES_ERROR;
				CLANG_WARN_RANGE_LOOP_ANALYSIS = YES;
				CLANG_WARN_STRICT_PROTOTYPES = YES;
				CLANG_WARN_SUSPICIOUS_MOVE = YES;
				CLANG_WARN_UNGUARDED_AVAILABILITY = YES_AGGRESSIVE;
				CLANG_WARN_UNREACHABLE_CODE = YES;
				CLANG_WARN__DUPLICATE_METHOD_MATCH = YES;
				CODE_SIGN_IDENTITY = "iPhone Developer";
				COPY_PHASE_STRIP = NO;
				DEBUG_INFORMATION_FORMAT = dwarf;
				ENABLE_STRICT_OBJC_MSGSEND = YES;
				ENABLE_TESTABILITY = YES;
				GCC_C_LANGUAGE_STANDARD = gnu11;
				GCC_DYNAMIC_NO_PIC = NO;
				GCC_NO_COMMON_BLOCKS = YES;
				GCC_OPTIMIZATION_LEVEL = 0;
				GCC_PREPROCESSOR_DEFINITIONS = (
					"DEBUG=1",
					"$(inherited)",
				);
				GCC_WARN_64_TO_32_BIT_CONVERSION = YES;
				GCC_WARN_ABOUT_RETURN_TYPE = YES_ERROR;
				GCC_WARN_UNDECLARED_SELECTOR = YES;
				GCC_WARN_UNINITIALIZED_AUTOS = YES_AGGRESSIVE;
				GCC_WARN_UNUSED_FUNCTION = YES;
				GCC_WARN_UNUSED_VARIABLE = YES;
				IPHONEOS_DEPLOYMENT_TARGET = 11.2;
				MTL_ENABLE_DEBUG_INFO = YES;
				ONLY_ACTIVE_ARCH = YES;
				SDKROOT = iphoneos;
				SWIFT_ACTIVE_COMPILATION_CONDITIONS = DEBUG;
				SWIFT_OPTIMIZATION_LEVEL = "-Onone";
			};
			name = Debug;
		};
		4CAFA93B202F5AE600A03722 /* Release */ = {
			isa = XCBuildConfiguration;
			buildSettings = {
				ALWAYS_SEARCH_USER_PATHS = NO;
				CLANG_ANALYZER_NONNULL = YES;
				CLANG_ANALYZER_NUMBER_OBJECT_CONVERSION = YES_AGGRESSIVE;
				CLANG_CXX_LANGUAGE_STANDARD = "gnu++14";
				CLANG_CXX_LIBRARY = "libc++";
				CLANG_ENABLE_MODULES = YES;
				CLANG_ENABLE_OBJC_ARC = YES;
				CLANG_WARN_BLOCK_CAPTURE_AUTORELEASING = YES;
				CLANG_WARN_BOOL_CONVERSION = YES;
				CLANG_WARN_COMMA = YES;
				CLANG_WARN_CONSTANT_CONVERSION = YES;
				CLANG_WARN_DIRECT_OBJC_ISA_USAGE = YES_ERROR;
				CLANG_WARN_DOCUMENTATION_COMMENTS = YES;
				CLANG_WARN_EMPTY_BODY = YES;
				CLANG_WARN_ENUM_CONVERSION = YES;
				CLANG_WARN_INFINITE_RECURSION = YES;
				CLANG_WARN_INT_CONVERSION = YES;
				CLANG_WARN_NON_LITERAL_NULL_CONVERSION = YES;
				CLANG_WARN_OBJC_LITERAL_CONVERSION = YES;
				CLANG_WARN_OBJC_ROOT_CLASS = YES_ERROR;
				CLANG_WARN_RANGE_LOOP_ANALYSIS = YES;
				CLANG_WARN_STRICT_PROTOTYPES = YES;
				CLANG_WARN_SUSPICIOUS_MOVE = YES;
				CLANG_WARN_UNGUARDED_AVAILABILITY = YES_AGGRESSIVE;
				CLANG_WARN_UNREACHABLE_CODE = YES;
				CLANG_WARN__DUPLICATE_METHOD_MATCH = YES;
				CODE_SIGN_IDENTITY = "iPhone Developer";
				COPY_PHASE_STRIP = NO;
				DEBUG_INFORMATION_FORMAT = "dwarf-with-dsym";
				ENABLE_NS_ASSERTIONS = NO;
				ENABLE_STRICT_OBJC_MSGSEND = YES;
				GCC_C_LANGUAGE_STANDARD = gnu11;
				GCC_NO_COMMON_BLOCKS = YES;
				GCC_WARN_64_TO_32_BIT_CONVERSION = YES;
				GCC_WARN_ABOUT_RETURN_TYPE = YES_ERROR;
				GCC_WARN_UNDECLARED_SELECTOR = YES;
				GCC_WARN_UNINITIALIZED_AUTOS = YES_AGGRESSIVE;
				GCC_WARN_UNUSED_FUNCTION = YES;
				GCC_WARN_UNUSED_VARIABLE = YES;
				IPHONEOS_DEPLOYMENT_TARGET = 11.2;
				MTL_ENABLE_DEBUG_INFO = NO;
				SDKROOT = iphoneos;
				SWIFT_OPTIMIZATION_LEVEL = "-Owholemodule";
				VALIDATE_PRODUCT = YES;
			};
			name = Release;
		};
		4CAFA93D202F5AE600A03722 /* Debug */ = {
			isa = XCBuildConfiguration;
			buildSettings = {
				ASSETCATALOG_COMPILER_APPICON_NAME = AppIcon;
				CODE_SIGN_STYLE = Automatic;
				DEVELOPMENT_TEAM = LR8S7GF9DP;
				INFOPLIST_FILE = artest/Info.plist;
				LD_RUNPATH_SEARCH_PATHS = "$(inherited) @executable_path/Frameworks";
				PRODUCT_BUNDLE_IDENTIFIER = com.computerrock.artest;
				PRODUCT_NAME = "$(TARGET_NAME)";
				SWIFT_VERSION = 4.0;
				TARGETED_DEVICE_FAMILY = "1,2";
			};
			name = Debug;
		};
		4CAFA93E202F5AE600A03722 /* Release */ = {
			isa = XCBuildConfiguration;
			buildSettings = {
				ASSETCATALOG_COMPILER_APPICON_NAME = AppIcon;
				CODE_SIGN_STYLE = Automatic;
				DEVELOPMENT_TEAM = LR8S7GF9DP;
				INFOPLIST_FILE = artest/Info.plist;
				LD_RUNPATH_SEARCH_PATHS = "$(inherited) @executable_path/Frameworks";
				PRODUCT_BUNDLE_IDENTIFIER = com.computerrock.artest;
				PRODUCT_NAME = "$(TARGET_NAME)";
				SWIFT_VERSION = 4.0;
				TARGETED_DEVICE_FAMILY = "1,2";
			};
			name = Release;
		};
		4CAFA940202F5AE600A03722 /* Debug */ = {
			isa = XCBuildConfiguration;
			buildSettings = {
				ALWAYS_EMBED_SWIFT_STANDARD_LIBRARIES = YES;
				CODE_SIGN_STYLE = Automatic;
				DEVELOPMENT_TEAM = LR8S7GF9DP;
				INFOPLIST_FILE = artestUITests/Info.plist;
				LD_RUNPATH_SEARCH_PATHS = "$(inherited) @executable_path/Frameworks @loader_path/Frameworks";
				PRODUCT_BUNDLE_IDENTIFIER = com.computerrock.artestUITests;
				PRODUCT_NAME = "$(TARGET_NAME)";
				SWIFT_VERSION = 4.0;
				TARGETED_DEVICE_FAMILY = "1,2";
				TEST_TARGET_NAME = artest;
			};
			name = Debug;
		};
		4CAFA941202F5AE600A03722 /* Release */ = {
			isa = XCBuildConfiguration;
			buildSettings = {
				ALWAYS_EMBED_SWIFT_STANDARD_LIBRARIES = YES;
				CODE_SIGN_STYLE = Automatic;
				DEVELOPMENT_TEAM = LR8S7GF9DP;
				INFOPLIST_FILE = artestUITests/Info.plist;
				LD_RUNPATH_SEARCH_PATHS = "$(inherited) @executable_path/Frameworks @loader_path/Frameworks";
				PRODUCT_BUNDLE_IDENTIFIER = com.computerrock.artestUITests;
				PRODUCT_NAME = "$(TARGET_NAME)";
				SWIFT_VERSION = 4.0;
				TARGETED_DEVICE_FAMILY = "1,2";
				TEST_TARGET_NAME = artest;
			};
			name = Release;
		};
/* End XCBuildConfiguration section */

/* Begin XCConfigurationList section */
		4CAFA918202F5AE500A03722 /* Build configuration list for PBXProject "artest" */ = {
			isa = XCConfigurationList;
			buildConfigurations = (
				4CAFA93A202F5AE600A03722 /* Debug */,
				4CAFA93B202F5AE600A03722 /* Release */,
			);
			defaultConfigurationIsVisible = 0;
			defaultConfigurationName = Release;
		};
		4CAFA93C202F5AE600A03722 /* Build configuration list for PBXNativeTarget "artest" */ = {
			isa = XCConfigurationList;
			buildConfigurations = (
				4CAFA93D202F5AE600A03722 /* Debug */,
				4CAFA93E202F5AE600A03722 /* Release */,
			);
			defaultConfigurationIsVisible = 0;
			defaultConfigurationName = Release;
		};
		4CAFA93F202F5AE600A03722 /* Build configuration list for PBXNativeTarget "artestUITests" */ = {
			isa = XCConfigurationList;
			buildConfigurations = (
				4CAFA940202F5AE600A03722 /* Debug */,
				4CAFA941202F5AE600A03722 /* Release */,
			);
			defaultConfigurationIsVisible = 0;
			defaultConfigurationName = Release;
		};
/* End XCConfigurationList section */
	};
	rootObject = 4CAFA915202F5AE500A03722 /* Project object */;
}
